
Microsoft Visual Studio Solution File, Format Version 12.00
# Visual Studio Version 17
VisualStudioVersion = 17.8.34330.188
MinimumVisualStudioVersion = 10.0.40219.1
Project("{FAE04EC0-301F-11D3-BF4B-00C04F79EFBC}") = "EntranceRegister", "EntranceRegister\EntranceRegister.csproj", "{461A6B50-BA8E-4E3B-9197-A39BC1487155}"
EndProject
Global
	GlobalSection(SolutionConfigurationPlatforms) = preSolution
		Debug|Any CPU = Debug|Any CPU
		Release|Any CPU = Release|Any CPU
	EndGlobalSection
	GlobalSection(ProjectConfigurationPlatforms) = postSolution
		{461A6B50-BA8E-4E3B-9197-A39BC1487155}.Debug|Any CPU.ActiveCfg = Debug|Any CPU
		{461A6B50-BA8E-4E3B-9197-A39BC1487155}.Debug|Any CPU.Build.0 = Debug|Any CPU
		{461A6B50-BA8E-4E3B-9197-A39BC1487155}.Release|Any CPU.ActiveCfg = Release|Any CPU
		{461A6B50-BA8E-4E3B-9197-A39BC1487155}.Release|Any CPU.Build.0 = Release|Any CPU
	EndGlobalSection
	GlobalSection(SolutionProperties) = preSolution
		HideSolutionNode = FALSE
	EndGlobalSection
	GlobalSection(ExtensibilityGlobals) = postSolution
		SolutionGuid = {1593F107-B043-4162-B8B6-140A5D6DCCAD}
	EndGlobalSection
EndGlobal
